{
    "_readme": [
        "This file locks the dependencies of your project to a known state",
        "Read more about it at https://getcomposer.org/doc/01-basic-usage.md#installing-dependencies",
        "This file is @generated automatically"
    ],
    "content-hash": "df436cc168037fb8b0ac061f2890d296",
    "packages": [
        {
            "name": "composer/installers",
            "version": "v2.1.1",
            "source": {
                "type": "git",
                "url": "https://github.com/composer/installers.git",
                "reference": "af93ba6e52236418f07a278033eba6959ee5b983"
            },
            "dist": {
                "type": "zip",
                "url": "https://api.github.com/repos/composer/installers/zipball/af93ba6e52236418f07a278033eba6959ee5b983",
                "reference": "af93ba6e52236418f07a278033eba6959ee5b983",
                "shasum": ""
            },
            "require": {
                "composer-plugin-api": "^1.0 || ^2.0",
                "php": "^7.2 || ^8.0"
            },
            "require-dev": {
                "composer/composer": "1.6.* || ^2.0",
                "composer/semver": "^1 || ^3",
                "phpstan/phpstan": "^0.12.55",
                "phpstan/phpstan-phpunit": "^0.12.16",
                "symfony/phpunit-bridge": "^5.3",
                "symfony/process": "^5"
            },
            "type": "composer-plugin",
            "extra": {
                "class": "Composer\\Installers\\Plugin",
                "branch-alias": {
                    "dev-main": "2.x-dev"
                },
                "plugin-modifies-install-path": true
            },
            "autoload": {
                "psr-4": {
                    "Composer\\Installers\\": "src/Composer/Installers"
                }
            },
            "notification-url": "https://packagist.org/downloads/",
            "license": [
                "MIT"
            ],
            "authors": [
                {
                    "name": "Kyle Robinson Young",
                    "email": "kyle@dontkry.com",
                    "homepage": "https://github.com/shama"
                }
            ],
            "description": "A multi-framework Composer library installer",
            "homepage": "https://composer.github.io/installers/",
            "keywords": [
                "Dolibarr",
                "Eliasis",
                "Hurad",
                "ImageCMS",
                "Kanboard",
                "Lan Management System",
                "MODX Evo",
                "MantisBT",
                "Mautic",
                "Maya",
                "OXID",
                "Plentymarkets",
                "Porto",
                "RadPHP",
                "SMF",
                "Starbug",
                "Thelia",
                "Whmcs",
                "WolfCMS",
                "agl",
                "annotatecms",
                "attogram",
                "bitrix",
                "cakephp",
                "chef",
                "cockpit",
                "codeigniter",
                "concrete5",
                "croogo",
                "dokuwiki",
                "drupal",
                "eZ Platform",
                "elgg",
                "expressionengine",
                "fuelphp",
                "grav",
                "installer",
                "itop",
                "known",
                "kohana",
                "laravel",
                "lavalite",
                "lithium",
                "magento",
                "majima",
                "mako",
                "mediawiki",
                "miaoxing",
                "modulework",
                "modx",
                "moodle",
                "osclass",
                "pantheon",
                "phpbb",
                "piwik",
                "ppi",
                "processwire",
                "puppet",
                "pxcms",
                "reindex",
                "roundcube",
                "shopware",
                "silverstripe",
                "sydes",
                "sylius",
                "tastyigniter",
                "wordpress",
                "yawik",
                "zend",
                "zikula"
            ],
            "support": {
                "issues": "https://github.com/composer/installers/issues",
                "source": "https://github.com/composer/installers/tree/v2.1.1"
            },
            "funding": [
                {
                    "url": "https://packagist.com",
                    "type": "custom"
                },
                {
                    "url": "https://github.com/composer",
                    "type": "github"
                },
                {
                    "url": "https://tidelift.com/funding/github/packagist/composer/composer",
                    "type": "tidelift"
                }
            ],
            "time": "2022-04-13T09:13:00+00:00"
        },
        {
            "name": "johnpbloch/wordpress",
            "version": "5.8.3",
            "source": {
                "type": "git",
                "url": "https://github.com/johnpbloch/wordpress.git",
                "reference": "ecec9cf67c91c2ff31b1002035e8e8a1a6c91292"
            },
            "dist": {
                "type": "zip",
                "url": "https://api.github.com/repos/johnpbloch/wordpress/zipball/ecec9cf67c91c2ff31b1002035e8e8a1a6c91292",
                "reference": "ecec9cf67c91c2ff31b1002035e8e8a1a6c91292",
                "shasum": ""
            },
            "require": {
                "johnpbloch/wordpress-core": "5.8.3",
                "johnpbloch/wordpress-core-installer": "^1.0 || ^2.0",
                "php": ">=5.6.20"
            },
            "type": "package",
            "notification-url": "https://packagist.org/downloads/",
            "license": [
                "GPL-2.0+"
            ],
            "authors": [
                {
                    "name": "WordPress Community",
                    "homepage": "http://wordpress.org/about/"
                }
            ],
            "description": "WordPress is open source software you can use to create a beautiful website, blog, or app.",
            "homepage": "http://wordpress.org/",
            "keywords": [
                "blog",
                "cms",
                "wordpress"
            ],
            "support": {
                "forum": "http://wordpress.org/support/",
                "irc": "irc://irc.freenode.net/wordpress",
                "issues": "http://core.trac.wordpress.org/",
                "source": "http://core.trac.wordpress.org/browser",
                "wiki": "http://codex.wordpress.org/"
            },
            "time": "2022-01-06T19:24:21+00:00"
        },
        {
            "name": "johnpbloch/wordpress-core",
            "version": "5.8.3",
            "source": {
                "type": "git",
                "url": "https://github.com/johnpbloch/wordpress-core.git",
                "reference": "9f80e45b0a8116df03a41e4ccea09a434528b063"
            },
            "dist": {
                "type": "zip",
                "url": "https://api.github.com/repos/johnpbloch/wordpress-core/zipball/9f80e45b0a8116df03a41e4ccea09a434528b063",
                "reference": "9f80e45b0a8116df03a41e4ccea09a434528b063",
                "shasum": ""
            },
            "require": {
                "ext-json": "*",
                "php": ">=5.6.20"
            },
            "provide": {
                "wordpress/core-implementation": "5.8.3"
            },
            "type": "wordpress-core",
            "notification-url": "https://packagist.org/downloads/",
            "license": [
                "GPL-2.0-or-later"
            ],
            "authors": [
                {
                    "name": "WordPress Community",
                    "homepage": "https://wordpress.org/about/"
                }
            ],
            "description": "WordPress is open source software you can use to create a beautiful website, blog, or app.",
            "homepage": "https://wordpress.org/",
            "keywords": [
                "blog",
                "cms",
                "wordpress"
            ],
            "support": {
                "forum": "https://wordpress.org/support/",
                "irc": "irc://irc.freenode.net/wordpress",
                "issues": "https://core.trac.wordpress.org/",
                "source": "https://core.trac.wordpress.org/browser",
                "wiki": "https://codex.wordpress.org/"
            },
            "time": "2022-01-06T19:24:18+00:00"
        },
        {
            "name": "johnpbloch/wordpress-core-installer",
            "version": "2.0.0",
            "source": {
                "type": "git",
                "url": "https://github.com/johnpbloch/wordpress-core-installer.git",
                "reference": "237faae9a60a4a2e1d45dce1a5836ffa616de63e"
            },
            "dist": {
                "type": "zip",
                "url": "https://api.github.com/repos/johnpbloch/wordpress-core-installer/zipball/237faae9a60a4a2e1d45dce1a5836ffa616de63e",
                "reference": "237faae9a60a4a2e1d45dce1a5836ffa616de63e",
                "shasum": ""
            },
            "require": {
                "composer-plugin-api": "^1.0 || ^2.0",
                "php": ">=5.6.0"
            },
            "conflict": {
                "composer/installers": "<1.0.6"
            },
            "require-dev": {
                "composer/composer": "^1.0 || ^2.0",
                "phpunit/phpunit": ">=5.7.27"
            },
            "type": "composer-plugin",
            "extra": {
                "class": "johnpbloch\\Composer\\WordPressCorePlugin"
            },
            "autoload": {
                "psr-0": {
                    "johnpbloch\\Composer\\": "src/"
                }
            },
            "notification-url": "https://packagist.org/downloads/",
            "license": [
                "GPL-2.0-or-later"
            ],
            "authors": [
                {
                    "name": "John P. Bloch",
                    "email": "me@johnpbloch.com"
                }
            ],
            "description": "A custom installer to handle deploying WordPress with composer",
            "keywords": [
                "wordpress"
            ],
            "support": {
                "issues": "https://github.com/johnpbloch/wordpress-core-installer/issues",
                "source": "https://github.com/johnpbloch/wordpress-core-installer/tree/master"
            },
            "time": "2020-04-16T21:44:57+00:00"
        },
        {
            "name": "psycle-wordpress-plugins/mail-options",
            "version": "1.0.13",
            "source": {
                "type": "git",
                "url": "https://github.com/Psycle/wordpress-plugin-mail-options.git",
                "reference": "dbe2f64e70fc6a90819c0c796cbe0b2426493da0"
            },
            "dist": {
                "type": "zip",
                "url": "https://api.github.com/repos/Psycle/wordpress-plugin-mail-options/zipball/dbe2f64e70fc6a90819c0c796cbe0b2426493da0",
                "reference": "dbe2f64e70fc6a90819c0c796cbe0b2426493da0",
                "shasum": ""
            },
            "require": {
                "php": ">=5.3.0"
            },
            "type": "wordpress-muplugin",
            "notification-url": "https://packagist.org/downloads/",
            "support": {
                "issues": "https://github.com/Psycle/wordpress-plugin-mail-options/issues",
                "source": "https://github.com/Psycle/wordpress-plugin-mail-options/tree/develop"
            },
            "time": "2015-10-19T15:02:25+00:00"
        },
        {
            "name": "wpackagist-plugin/addthis",
            "version": "6.2.7",
            "source": {
                "type": "svn",
                "url": "https://plugins.svn.wordpress.org/addthis/",
                "reference": "tags/6.2.7"
            },
            "dist": {
                "type": "zip",
                "url": "https://downloads.wordpress.org/plugin/addthis.6.2.7.zip"
            },
            "require": {
                "composer/installers": "^1.0 || ^2.0"
            },
            "type": "wordpress-plugin",
            "homepage": "https://wordpress.org/plugins/addthis/"
        },
        {
            "name": "wpackagist-plugin/akismet",
            "version": "4.2.4",
            "source": {
                "type": "svn",
                "url": "https://plugins.svn.wordpress.org/akismet/",
                "reference": "tags/4.2.4"
            },
            "dist": {
                "type": "zip",
                "url": "https://downloads.wordpress.org/plugin/akismet.4.2.4.zip"
            },
            "require": {
                "composer/installers": "^1.0 || ^2.0"
            },
            "type": "wordpress-plugin",
            "homepage": "https://wordpress.org/plugins/akismet/"
        },
        {
            "name": "wpackagist-plugin/broken-link-checker",
            "version": "1.11.16",
            "source": {
                "type": "svn",
                "url": "https://plugins.svn.wordpress.org/broken-link-checker/",
                "reference": "trunk"
            },
            "dist": {
                "type": "zip",
                "url": "https://downloads.wordpress.org/plugin/broken-link-checker.zip?timestamp=1632795432"
            },
            "require": {
                "composer/installers": "^1.0 || ^2.0"
            },
            "type": "wordpress-plugin",
            "homepage": "https://wordpress.org/plugins/broken-link-checker/"
        },
        {
            "name": "wpackagist-plugin/cookie-notice",
            "version": "2.2.3",
            "source": {
                "type": "svn",
                "url": "https://plugins.svn.wordpress.org/cookie-notice/",
                "reference": "tags/2.2.3"
            },
            "dist": {
                "type": "zip",
                "url": "https://downloads.wordpress.org/plugin/cookie-notice.2.2.3.zip"
            },
            "require": {
                "composer/installers": "^1.0 || ^2.0"
            },
            "type": "wordpress-plugin",
            "homepage": "https://wordpress.org/plugins/cookie-notice/"
        },
        {
            "name": "wpackagist-plugin/google-analytics-dashboard-for-wp",
            "version": "7.5.3",
            "source": {
                "type": "svn",
                "url": "https://plugins.svn.wordpress.org/google-analytics-dashboard-for-wp/",
                "reference": "tags/7.5.3"
            },
            "dist": {
                "type": "zip",
                "url": "https://downloads.wordpress.org/plugin/google-analytics-dashboard-for-wp.7.5.3.zip"
            },
            "require": {
                "composer/installers": "^1.0 || ^2.0"
            },
            "type": "wordpress-plugin",
            "homepage": "https://wordpress.org/plugins/google-analytics-dashboard-for-wp/"
        },
        {
            "name": "wpackagist-plugin/gtranslate",
            "version": "2.9.12",
            "source": {
                "type": "svn",
                "url": "https://plugins.svn.wordpress.org/gtranslate/",
                "reference": "tags/2.9.12"
            },
            "dist": {
                "type": "zip",
                "url": "https://downloads.wordpress.org/plugin/gtranslate.2.9.12.zip"
            },
            "require": {
                "composer/installers": "^1.0 || ^2.0"
            },
            "type": "wordpress-plugin",
            "homepage": "https://wordpress.org/plugins/gtranslate/"
        },
        {
            "name": "wpackagist-plugin/redirection",
            "version": "5.2.3",
            "source": {
                "type": "svn",
                "url": "https://plugins.svn.wordpress.org/redirection/",
                "reference": "tags/5.2.3"
            },
            "dist": {
                "type": "zip",
                "url": "https://downloads.wordpress.org/plugin/redirection.5.2.3.zip"
            },
            "require": {
                "composer/installers": "^1.0 || ^2.0"
            },
            "type": "wordpress-plugin",
            "homepage": "https://wordpress.org/plugins/redirection/"
        },
        {
            "name": "wpackagist-plugin/responsive-menu",
            "version": "4.1.11",
            "source": {
                "type": "svn",
                "url": "https://plugins.svn.wordpress.org/responsive-menu/",
                "reference": "tags/4.1.11"
            },
            "dist": {
                "type": "zip",
                "url": "https://downloads.wordpress.org/plugin/responsive-menu.4.1.11.zip"
            },
            "require": {
                "composer/installers": "^1.0 || ^2.0"
            },
            "type": "wordpress-plugin",
            "homepage": "https://wordpress.org/plugins/responsive-menu/"
        },
        {
            "name": "wpackagist-plugin/theme-my-login",
            "version": "7.1.4",
            "source": {
                "type": "svn",
                "url": "https://plugins.svn.wordpress.org/theme-my-login/",
                "reference": "tags/7.1.4"
            },
            "dist": {
                "type": "zip",
                "url": "https://downloads.wordpress.org/plugin/theme-my-login.7.1.4.zip"
            },
            "require": {
                "composer/installers": "^1.0 || ^2.0"
            },
            "type": "wordpress-plugin",
            "homepage": "https://wordpress.org/plugins/theme-my-login/"
        },
        {
            "name": "wpackagist-plugin/w3-total-cache",
            "version": "2.2.1",
            "source": {
                "type": "svn",
                "url": "https://plugins.svn.wordpress.org/w3-total-cache/",
                "reference": "tags/2.2.1"
            },
            "dist": {
                "type": "zip",
                "url": "https://downloads.wordpress.org/plugin/w3-total-cache.2.2.1.zip"
            },
            "require": {
                "composer/installers": "^1.0 || ^2.0"
            },
            "type": "wordpress-plugin",
            "homepage": "https://wordpress.org/plugins/w3-total-cache/"
        },
        {
            "name": "wpackagist-plugin/wordpress-seo",
            "version": "19.0",
            "source": {
                "type": "svn",
                "url": "https://plugins.svn.wordpress.org/wordpress-seo/",
                "reference": "tags/19.0"
            },
            "dist": {
                "type": "zip",
                "url": "https://downloads.wordpress.org/plugin/wordpress-seo.19.0.zip"
            },
            "require": {
                "composer/installers": "^1.0 || ^2.0"
            },
            "type": "wordpress-plugin",
            "homepage": "https://wordpress.org/plugins/wordpress-seo/"
        },
        {
            "name": "wpackagist-plugin/wp-google-search",
            "version": "1.0.9",
            "source": {
                "type": "svn",
                "url": "https://plugins.svn.wordpress.org/wp-google-search/",
                "reference": "tags/1.0.9"
            },
            "dist": {
                "type": "zip",
                "url": "https://downloads.wordpress.org/plugin/wp-google-search.1.0.9.zip"
            },
            "require": {
                "composer/installers": "^1.0 || ^2.0"
            },
            "type": "wordpress-plugin",
            "homepage": "https://wordpress.org/plugins/wp-google-search/"
        },
        {
            "name": "wpackagist-theme/twentyeleven",
            "version": "4.1",
            "source": {
                "type": "svn",
                "url": "https://themes.svn.wordpress.org/twentyeleven/",
                "reference": "4.1"
            },
            "dist": {
                "type": "zip",
                "url": "https://downloads.wordpress.org/theme/twentyeleven.4.1.zip"
            },
            "require": {
                "composer/installers": "^1.0 || ^2.0"
            },
            "type": "wordpress-theme",
            "homepage": "https://wordpress.org/themes/twentyeleven/"
        }
    ],
    "packages-dev": [],
    "aliases": [],
    "minimum-stability": "stable",
    "stability-flags": [],
    "prefer-stable": false,
    "prefer-lowest": false,
    "platform": [],
    "platform-dev": [],
    "plugin-api-version": "2.3.0"
}
