{
    "_readme": [
        "This file locks the dependencies of your project to a known state",
        "Read more about it at http://getcomposer.org/doc/01-basic-usage.md#composer-lock-the-lock-file",
        "This file is @generated automatically"
    ],
    "hash": "d60b6467f1148e3281ccda6eb9f5cc12",
    "packages": [
        {
            "name": "composer/installers",
            "version": "v1.0.21",
            "source": {
                "type": "git",
                "url": "https://github.com/composer/installers.git",
                "reference": "d64e23fce42a4063d63262b19b8e7c0f3b5e4c45"
            },
            "dist": {
                "type": "zip",
                "url": "https://api.github.com/repos/composer/installers/zipball/d64e23fce42a4063d63262b19b8e7c0f3b5e4c45",
                "reference": "d64e23fce42a4063d63262b19b8e7c0f3b5e4c45",
                "shasum": ""
            },
            "replace": {
                "roundcube/plugin-installer": "*",
                "shama/baton": "*"
            },
            "require-dev": {
                "composer/composer": "1.0.*@dev",
                "phpunit/phpunit": "4.1.*"
            },
            "type": "composer-installer",
            "extra": {
                "class": "Composer\\Installers\\Installer",
                "branch-alias": {
                    "dev-master": "1.0-dev"
                }
            },
            "autoload": {
                "psr-0": {
                    "Composer\\Installers\\": "src/"
                }
            },
            "notification-url": "https://packagist.org/downloads/",
            "license": [
                "MIT"
            ],
            "authors": [
                {
                    "name": "Kyle Robinson Young",
                    "email": "kyle@dontkry.com",
                    "homepage": "https://github.com/shama"
                }
            ],
            "description": "A multi-framework Composer library installer",
            "homepage": "http://composer.github.com/installers/",
            "keywords": [
                "Craft",
                "Dolibarr",
                "Hurad",
                "MODX Evo",
                "OXID",
                "SMF",
                "Thelia",
                "WolfCMS",
                "agl",
                "aimeos",
                "annotatecms",
                "bitrix",
                "cakephp",
                "chef",
                "codeigniter",
                "concrete5",
                "croogo",
                "dokuwiki",
                "drupal",
                "elgg",
                "fuelphp",
                "grav",
                "installer",
                "joomla",
                "kohana",
                "laravel",
                "lithium",
                "magento",
                "mako",
                "mediawiki",
                "modulework",
                "moodle",
                "phpbb",
                "piwik",
                "ppi",
                "puppet",
                "roundcube",
                "shopware",
                "silverstripe",
                "symfony",
                "typo3",
                "wordpress",
                "zend",
                "zikula"
            ],
            "time": "2015-02-18 17:17:01"
        },
        {
            "name": "psycle-wordpress-plugins/mail-options",
            "version": "1.0.9",
            "source": {
                "type": "git",
                "url": "https://github.com/Psycle/wordpress-plugin-mail-options.git",
                "reference": "fc8790cba7576e3b7597de9cdc8d636013c6a933"
            },
            "dist": {
                "type": "zip",
                "url": "https://api.github.com/repos/Psycle/wordpress-plugin-mail-options/zipball/fc8790cba7576e3b7597de9cdc8d636013c6a933",
                "reference": "fc8790cba7576e3b7597de9cdc8d636013c6a933",
                "shasum": ""
            },
            "require": {
                "php": ">=5.3.0"
            },
            "type": "wordpress-muplugin",
            "notification-url": "https://packagist.org/downloads/",
            "time": "2015-08-12 13:45:41"
        },
        {
            "name": "psycle-wordpress/wordpress-core-installer",
            "version": "1.0.9",
            "source": {
                "type": "git",
                "url": "https://github.com/Psycle/wordpress-core-installer.git",
                "reference": "5ab13267ce8db2bf5f494315f06578a6c10075ee"
            },
            "dist": {
                "type": "zip",
                "url": "https://api.github.com/repos/Psycle/wordpress-core-installer/zipball/5ab13267ce8db2bf5f494315f06578a6c10075ee",
                "reference": "5ab13267ce8db2bf5f494315f06578a6c10075ee",
                "shasum": ""
            },
            "require": {
                "composer-plugin-api": "^1.0"
            },
            "conflict": {
                "composer/installers": "<1.0.6"
            },
            "replace": {
                "johnpbloch/wordpress-core-installer": "*"
            },
            "require-dev": {
                "composer/composer": "1.0.*@dev"
            },
            "type": "composer-plugin",
            "extra": {
                "class": "psycle\\Composer\\WordPressCorePlugin"
            },
            "autoload": {
                "psr-0": {
                    "psycle\\Composer\\": "src/"
                }
            },
            "notification-url": "https://packagist.org/downloads/",
            "license": [
                "GPL-2.0+"
            ],
            "authors": [
                {
                    "name": "John P. Bloch",
                    "email": "me@johnpbloch.com"
                },
                {
                    "name": "James Robinson",
                    "email": "james.robinson@psycle.com"
                }
            ],
            "description": "A custom installer to handle deploying WordPress with composer",
            "keywords": [
                "wordpress"
            ],
            "time": "2015-08-07 12:21:36"
        },
        {
            "name": "wordpress/wordpress",
            "version": "4.3",
            "source": {
                "type": "git",
                "url": "https://github.com/WordPress/WordPress.git",
                "reference": "4.3"
            },
            "replace": {
                "johnpbloch/wordpress": "*"
            },
            "type": "wordpress-core"
        },
        {
            "name": "wpackagist-plugin/addthis",
            "version": "5.0.12",
            "source": {
                "type": "svn",
                "url": "http://plugins.svn.wordpress.org/addthis/",
                "reference": "tags/5.0.12"
            },
            "dist": {
                "type": "zip",
                "url": "https://downloads.wordpress.org/plugin/addthis.5.0.12.zip",
                "reference": null,
                "shasum": null
            },
            "require": {
                "composer/installers": "~1.0"
            },
            "type": "wordpress-plugin",
            "homepage": "https://wordpress.org/plugins/addthis/"
        },
        {
            "name": "wpackagist-plugin/akismet",
            "version": "3.1.3",
            "source": {
                "type": "svn",
                "url": "http://plugins.svn.wordpress.org/akismet/",
                "reference": "tags/3.1.3"
            },
            "dist": {
                "type": "zip",
                "url": "https://downloads.wordpress.org/plugin/akismet.3.1.3.zip",
                "reference": null,
                "shasum": null
            },
            "require": {
                "composer/installers": "~1.0"
            },
            "type": "wordpress-plugin",
            "homepage": "https://wordpress.org/plugins/akismet/"
        },
        {
            "name": "wpackagist-plugin/cookie-notice",
            "version": "1.2.32",
            "source": {
                "type": "svn",
                "url": "http://plugins.svn.wordpress.org/cookie-notice/",
                "reference": "tags/1.2.32"
            },
            "dist": {
                "type": "zip",
                "url": "https://downloads.wordpress.org/plugin/cookie-notice.1.2.32.zip",
                "reference": null,
                "shasum": null
            },
            "require": {
                "composer/installers": "~1.0"
            },
            "type": "wordpress-plugin",
            "homepage": "https://wordpress.org/plugins/cookie-notice/"
        },
        {
            "name": "wpackagist-plugin/google-analytics-dashboard-for-wp",
            "version": "4.8.1.2",
            "source": {
                "type": "svn",
                "url": "http://plugins.svn.wordpress.org/google-analytics-dashboard-for-wp/",
                "reference": "tags/4.8.1.2"
            },
            "dist": {
                "type": "zip",
                "url": "https://downloads.wordpress.org/plugin/google-analytics-dashboard-for-wp.4.8.1.2.zip",
                "reference": null,
                "shasum": null
            },
            "require": {
                "composer/installers": "~1.0"
            },
            "type": "wordpress-plugin",
            "homepage": "https://wordpress.org/plugins/google-analytics-dashboard-for-wp/"
        },
        {
            "name": "wpackagist-plugin/move-wordpress-comments",
            "version": "0.2.1.1",
            "source": {
                "type": "svn",
                "url": "http://plugins.svn.wordpress.org/move-wordpress-comments/",
                "reference": "tags/0.2.1.1"
            },
            "dist": {
                "type": "zip",
                "url": "https://downloads.wordpress.org/plugin/move-wordpress-comments.0.2.1.1.zip",
                "reference": null,
                "shasum": null
            },
            "require": {
                "composer/installers": "~1.0"
            },
            "type": "wordpress-plugin",
            "homepage": "https://wordpress.org/plugins/move-wordpress-comments/"
        },
        {
            "name": "wpackagist-plugin/redirection",
            "version": "2.3.16",
            "source": {
                "type": "svn",
                "url": "http://plugins.svn.wordpress.org/redirection/",
                "reference": "tags/2.3.16"
            },
            "dist": {
                "type": "zip",
                "url": "https://downloads.wordpress.org/plugin/redirection.2.3.16.zip",
                "reference": null,
                "shasum": null
            },
            "require": {
                "composer/installers": "~1.0"
            },
            "type": "wordpress-plugin",
            "homepage": "https://wordpress.org/plugins/redirection/"
        },
        {
            "name": "wpackagist-plugin/theme-my-login",
            "version": "6.3.12",
            "source": {
                "type": "svn",
                "url": "http://plugins.svn.wordpress.org/theme-my-login/",
                "reference": "tags/6.3.12"
            },
            "dist": {
                "type": "zip",
                "url": "https://downloads.wordpress.org/plugin/theme-my-login.6.3.12.zip",
                "reference": null,
                "shasum": null
            },
            "require": {
                "composer/installers": "~1.0"
            },
            "type": "wordpress-plugin",
            "homepage": "https://wordpress.org/plugins/theme-my-login/"
        },
        {
            "name": "wpackagist-plugin/visual-form-builder",
            "version": "2.8.3",
            "source": {
                "type": "svn",
                "url": "http://plugins.svn.wordpress.org/visual-form-builder/",
                "reference": "tags/2.8.3"
            },
            "dist": {
                "type": "zip",
                "url": "https://downloads.wordpress.org/plugin/visual-form-builder.2.8.3.zip",
                "reference": null,
                "shasum": null
            },
            "require": {
                "composer/installers": "~1.0"
            },
            "type": "wordpress-plugin",
            "homepage": "https://wordpress.org/plugins/visual-form-builder/"
        },
        {
            "name": "wpackagist-plugin/w3-total-cache",
            "version": "0.9.4.1",
            "source": {
                "type": "svn",
                "url": "http://plugins.svn.wordpress.org/w3-total-cache/",
                "reference": "tags/0.9.4.1"
            },
            "dist": {
                "type": "zip",
                "url": "https://downloads.wordpress.org/plugin/w3-total-cache.0.9.4.1.zip",
                "reference": null,
                "shasum": null
            },
            "require": {
                "composer/installers": "~1.0"
            },
            "type": "wordpress-plugin",
            "homepage": "https://wordpress.org/plugins/w3-total-cache/"
        },
        {
            "name": "wpackagist-plugin/wangguard",
            "version": "1.6.2",
            "source": {
                "type": "svn",
                "url": "http://plugins.svn.wordpress.org/wangguard/",
                "reference": "tags/1.6.2"
            },
            "dist": {
                "type": "zip",
                "url": "https://downloads.wordpress.org/plugin/wangguard.1.6.2.zip",
                "reference": null,
                "shasum": null
            },
            "require": {
                "composer/installers": "~1.0"
            },
            "type": "wordpress-plugin",
            "homepage": "https://wordpress.org/plugins/wangguard/"
        },
        {
            "name": "wpackagist-plugin/wordpress-seo",
            "version": "2.3.4",
            "source": {
                "type": "svn",
                "url": "http://plugins.svn.wordpress.org/wordpress-seo/",
                "reference": "tags/2.3.4"
            },
            "dist": {
                "type": "zip",
                "url": "https://downloads.wordpress.org/plugin/wordpress-seo.2.3.4.zip",
                "reference": null,
                "shasum": null
            },
            "require": {
                "composer/installers": "~1.0"
            },
            "type": "wordpress-plugin",
            "homepage": "https://wordpress.org/plugins/wordpress-seo/"
        }
    ],
    "packages-dev": [],
    "aliases": [],
    "minimum-stability": "stable",
    "stability-flags": [],
    "prefer-stable": false,
    "prefer-lowest": false,
    "platform": [],
    "platform-dev": []
}
